github.com/kljensen/snowball v0.10.0 h1:8qgaBLraSuUVHtGH5tJ+VdGpqgfcaE2WkswL/C3nVhY=
github.com/kljensen/snowball v0.10.0/go.mod h1:bJcxtur1W5Qw4fVj9tk5W88zyRcGQQjqahFErdcDTHk=
github.com/linxGnu/grocksdb v1.8.14 h1:HTgyYalNwBSG/1qCQUIott44wU5b2Y9Kr3z7SK5OfGQ=
github.com/linxGnu/grocksdb v1.8.14/go.mod h1:QYiYypR2d4v63Wj1adOOfzglnoII0gLj3PNh4fZkcFA=
